
Microsoft Visual Studio Solution File, Format Version 11.00
# Visual Studio 2010
Project("{FAE04EC0-301F-11D3-BF4B-00C04F79EFBC}") = "hack-a-thing-1-fuzzy-bananas", "Assembly-CSharp.csproj", "{CDB32BCD-E8F1-A429-997C-1F63BACBD57B}"
EndProject
Project("{FAE04EC0-301F-11D3-BF4B-00C04F79EFBC}") = "hack-a-thing-1-fuzzy-bananas", "Assembly-CSharp-Editor.csproj", "{63373EC5-370C-1D72-8BCB-BD790C422BF2}"
EndProject
Global
	GlobalSection(SolutionConfigurationPlatforms) = preSolution
		Debug|Any CPU = Debug|Any CPU
		Release|Any CPU = Release|Any CPU
	EndGlobalSection
	GlobalSection(ProjectConfigurationPlatforms) = postSolution
		{CDB32BCD-E8F1-A429-997C-1F63BACBD57B}.Debug|Any CPU.ActiveCfg = Debug|Any CPU
		{CDB32BCD-E8F1-A429-997C-1F63BACBD57B}.Debug|Any CPU.Build.0 = Debug|Any CPU
		{CDB32BCD-E8F1-A429-997C-1F63BACBD57B}.Release|Any CPU.ActiveCfg = Release|Any CPU
		{CDB32BCD-E8F1-A429-997C-1F63BACBD57B}.Release|Any CPU.Build.0 = Release|Any CPU
		{63373EC5-370C-1D72-8BCB-BD790C422BF2}.Debug|Any CPU.ActiveCfg = Debug|Any CPU
		{63373EC5-370C-1D72-8BCB-BD790C422BF2}.Debug|Any CPU.Build.0 = Debug|Any CPU
		{63373EC5-370C-1D72-8BCB-BD790C422BF2}.Release|Any CPU.ActiveCfg = Release|Any CPU
		{63373EC5-370C-1D72-8BCB-BD790C422BF2}.Release|Any CPU.Build.0 = Release|Any CPU
	EndGlobalSection
	GlobalSection(SolutionProperties) = preSolution
		HideSolutionNode = FALSE
	EndGlobalSection
	GlobalSection(MonoDevelopProperties) = preSolution
		StartupItem = Assembly-CSharp.csproj
	EndGlobalSection
EndGlobal
